
Microsoft Visual Studio Solution File, Format Version 12.00
# Visual Studio Version 16
VisualStudioVersion = 16.0.30225.117
MinimumVisualStudioVersion = 10.0.40219.1
Project("{9A19103F-16F7-4668-BE54-9A1E7A4F7556}") = "TipCalc.Forms.UI", "TipCalc.Forms.UI\TipCalc.Forms.UI.csproj", "{7023B5DB-3DDB-4445-856D-841A14B8BC2B}"
EndProject
Project("{9A19103F-16F7-4668-BE54-9A1E7A4F7556}") = "TipCalc.Core", "TipCalc.Core\TipCalc.Core.csproj", "{ABBDD344-CA5B-4A1E-9795-80A566F6DC7E}"
EndProject
Project("{FAE04EC0-301F-11D3-BF4B-00C04F79EFBC}") = "TipCalc.Forms.Droid", "TipCalc.Forms.Droid\TipCalc.Forms.Droid.csproj", "{4779A119-513E-4423-9A16-255FDCBA2BEA}"
EndProject
Project("{FAE04EC0-301F-11D3-BF4B-00C04F79EFBC}") = "TipCalc.Forms.iOS", "TipCalc.Forms.iOS\TipCalc.Forms.iOS.csproj", "{68E5909C-8389-4910-8407-30358FC794FE}"
EndProject
Project("{FAE04EC0-301F-11D3-BF4B-00C04F79EFBC}") = "TipCalc.Forms.UWP", "TipCalc.Forms.UWP\TipCalc.Forms.UWP.csproj", "{E8ECD295-296B-495D-8864-681BE9ED90E2}"
EndProject
Global
	GlobalSection(SolutionConfigurationPlatforms) = preSolution
		Debug|Any CPU = Debug|Any CPU
		Debug|ARM = Debug|ARM
		Debug|ARM64 = Debug|ARM64
		Debug|iPhone = Debug|iPhone
		Debug|iPhoneSimulator = Debug|iPhoneSimulator
		Debug|x64 = Debug|x64
		Debug|x86 = Debug|x86
		Release|Any CPU = Release|Any CPU
		Release|ARM = Release|ARM
		Release|ARM64 = Release|ARM64
		Release|iPhone = Release|iPhone
		Release|iPhoneSimulator = Release|iPhoneSimulator
		Release|x64 = Release|x64
		Release|x86 = Release|x86
	EndGlobalSection
	GlobalSection(ProjectConfigurationPlatforms) = postSolution
		{7023B5DB-3DDB-4445-856D-841A14B8BC2B}.Debug|Any CPU.ActiveCfg = Debug|Any CPU
		{7023B5DB-3DDB-4445-856D-841A14B8BC2B}.Debug|Any CPU.Build.0 = Debug|Any CPU
		{7023B5DB-3DDB-4445-856D-841A14B8BC2B}.Debug|ARM.ActiveCfg = Debug|Any CPU
		{7023B5DB-3DDB-4445-856D-841A14B8BC2B}.Debug|ARM.Build.0 = Debug|Any CPU
		{7023B5DB-3DDB-4445-856D-841A14B8BC2B}.Debug|ARM64.ActiveCfg = Debug|Any CPU
		{7023B5DB-3DDB-4445-856D-841A14B8BC2B}.Debug|ARM64.Build.0 = Debug|Any CPU
		{7023B5DB-3DDB-4445-856D-841A14B8BC2B}.Debug|iPhone.ActiveCfg = Debug|Any CPU
		{7023B5DB-3DDB-4445-856D-841A14B8BC2B}.Debug|iPhone.Build.0 = Debug|Any CPU
		{7023B5DB-3DDB-4445-856D-841A14B8BC2B}.Debug|iPhoneSimulator.ActiveCfg = Debug|Any CPU
		{7023B5DB-3DDB-4445-856D-841A14B8BC2B}.Debug|iPhoneSimulator.Build.0 = Debug|Any CPU
		{7023B5DB-3DDB-4445-856D-841A14B8BC2B}.Debug|x64.ActiveCfg = Debug|Any CPU
		{7023B5DB-3DDB-4445-856D-841A14B8BC2B}.Debug|x64.Build.0 = Debug|Any CPU
		{7023B5DB-3DDB-4445-856D-841A14B8BC2B}.Debug|x86.ActiveCfg = Debug|Any CPU
		{7023B5DB-3DDB-4445-856D-841A14B8BC2B}.Debug|x86.Build.0 = Debug|Any CPU
		{7023B5DB-3DDB-4445-856D-841A14B8BC2B}.Release|Any CPU.ActiveCfg = Release|Any CPU
		{7023B5DB-3DDB-4445-856D-841A14B8BC2B}.Release|Any CPU.Build.0 = Release|Any CPU
		{7023B5DB-3DDB-4445-856D-841A14B8BC2B}.Release|ARM.ActiveCfg = Release|Any CPU
		{7023B5DB-3DDB-4445-856D-841A14B8BC2B}.Release|ARM.Build.0 = Release|Any CPU
		{7023B5DB-3DDB-4445-856D-841A14B8BC2B}.Release|ARM64.ActiveCfg = Release|Any CPU
		{7023B5DB-3DDB-4445-856D-841A14B8BC2B}.Release|ARM64.Build.0 = Release|Any CPU
		{7023B5DB-3DDB-4445-856D-841A14B8BC2B}.Release|iPhone.ActiveCfg = Release|Any CPU
		{7023B5DB-3DDB-4445-856D-841A14B8BC2B}.Release|iPhone.Build.0 = Release|Any CPU
		{7023B5DB-3DDB-4445-856D-841A14B8BC2B}.Release|iPhoneSimulator.ActiveCfg = Release|Any CPU
		{7023B5DB-3DDB-4445-856D-841A14B8BC2B}.Release|iPhoneSimulator.Build.0 = Release|Any CPU
		{7023B5DB-3DDB-4445-856D-841A14B8BC2B}.Release|x64.ActiveCfg = Release|Any CPU
		{7023B5DB-3DDB-4445-856D-841A14B8BC2B}.Release|x64.Build.0 = Release|Any CPU
		{7023B5DB-3DDB-4445-856D-841A14B8BC2B}.Release|x86.ActiveCfg = Release|Any CPU
		{7023B5DB-3DDB-4445-856D-841A14B8BC2B}.Release|x86.Build.0 = Release|Any CPU
		{ABBDD344-CA5B-4A1E-9795-80A566F6DC7E}.Debug|Any CPU.ActiveCfg = Debug|Any CPU
		{ABBDD344-CA5B-4A1E-9795-80A566F6DC7E}.Debug|Any CPU.Build.0 = Debug|Any CPU
		{ABBDD344-CA5B-4A1E-9795-80A566F6DC7E}.Debug|ARM.ActiveCfg = Debug|Any CPU
		{ABBDD344-CA5B-4A1E-9795-80A566F6DC7E}.Debug|ARM.Build.0 = Debug|Any CPU
		{ABBDD344-CA5B-4A1E-9795-80A566F6DC7E}.Debug|ARM64.ActiveCfg = Debug|Any CPU
		{ABBDD344-CA5B-4A1E-9795-80A566F6DC7E}.Debug|ARM64.Build.0 = Debug|Any CPU
		{ABBDD344-CA5B-4A1E-9795-80A566F6DC7E}.Debug|iPhone.ActiveCfg = Debug|Any CPU
		{ABBDD344-CA5B-4A1E-9795-80A566F6DC7E}.Debug|iPhone.Build.0 = Debug|Any CPU
		{ABBDD344-CA5B-4A1E-9795-80A566F6DC7E}.Debug|iPhoneSimulator.ActiveCfg = Debug|Any CPU
		{ABBDD344-CA5B-4A1E-9795-80A566F6DC7E}.Debug|iPhoneSimulator.Build.0 = Debug|Any CPU
		{ABBDD344-CA5B-4A1E-9795-80A566F6DC7E}.Debug|x64.ActiveCfg = Debug|Any CPU
		{ABBDD344-CA5B-4A1E-9795-80A566F6DC7E}.Debug|x64.Build.0 = Debug|Any CPU
		{ABBDD344-CA5B-4A1E-9795-80A566F6DC7E}.Debug|x86.ActiveCfg = Debug|Any CPU
		{ABBDD344-CA5B-4A1E-9795-80A566F6DC7E}.Debug|x86.Build.0 = Debug|Any CPU
		{ABBDD344-CA5B-4A1E-9795-80A566F6DC7E}.Release|Any CPU.ActiveCfg = Release|Any CPU
		{ABBDD344-CA5B-4A1E-9795-80A566F6DC7E}.Release|Any CPU.Build.0 = Release|Any CPU
		{ABBDD344-CA5B-4A1E-9795-80A566F6DC7E}.Release|ARM.ActiveCfg = Release|Any CPU
		{ABBDD344-CA5B-4A1E-9795-80A566F6DC7E}.Release|ARM.Build.0 = Release|Any CPU
		{ABBDD344-CA5B-4A1E-9795-80A566F6DC7E}.Release|ARM64.ActiveCfg = Release|Any CPU
		{ABBDD344-CA5B-4A1E-9795-80A566F6DC7E}.Release|ARM64.Build.0 = Release|Any CPU
		{ABBDD344-CA5B-4A1E-9795-80A566F6DC7E}.Release|iPhone.ActiveCfg = Release|Any CPU
		{ABBDD344-CA5B-4A1E-9795-80A566F6DC7E}.Release|iPhone.Build.0 = Release|Any CPU
		{ABBDD344-CA5B-4A1E-9795-80A566F6DC7E}.Release|iPhoneSimulator.ActiveCfg = Release|Any CPU
		{ABBDD344-CA5B-4A1E-9795-80A566F6DC7E}.Release|iPhoneSimulator.Build.0 = Release|Any CPU
		{ABBDD344-CA5B-4A1E-9795-80A566F6DC7E}.Release|x64.ActiveCfg = Release|Any CPU
		{ABBDD344-CA5B-4A1E-9795-80A566F6DC7E}.Release|x64.Build.0 = Release|Any CPU
		{ABBDD344-CA5B-4A1E-9795-80A566F6DC7E}.Release|x86.ActiveCfg = Release|Any CPU
		{ABBDD344-CA5B-4A1E-9795-80A566F6DC7E}.Release|x86.Build.0 = Release|Any CPU
		{4779A119-513E-4423-9A16-255FDCBA2BEA}.Debug|Any CPU.ActiveCfg = Debug|Any CPU
		{4779A119-513E-4423-9A16-255FDCBA2BEA}.Debug|Any CPU.Build.0 = Debug|Any CPU
		{4779A119-513E-4423-9A16-255FDCBA2BEA}.Debug|Any CPU.Deploy.0 = Debug|Any CPU
		{4779A119-513E-4423-9A16-255FDCBA2BEA}.Debug|ARM.ActiveCfg = Debug|Any CPU
		{4779A119-513E-4423-9A16-255FDCBA2BEA}.Debug|ARM.Build.0 = Debug|Any CPU
		{4779A119-513E-4423-9A16-255FDCBA2BEA}.Debug|ARM.Deploy.0 = Debug|Any CPU
		{4779A119-513E-4423-9A16-255FDCBA2BEA}.Debug|ARM64.ActiveCfg = Debug|Any CPU
		{4779A119-513E-4423-9A16-255FDCBA2BEA}.Debug|ARM64.Build.0 = Debug|Any CPU
		{4779A119-513E-4423-9A16-255FDCBA2BEA}.Debug|ARM64.Deploy.0 = Debug|Any CPU
		{4779A119-513E-4423-9A16-255FDCBA2BEA}.Debug|iPhone.ActiveCfg = Debug|Any CPU
		{4779A119-513E-4423-9A16-255FDCBA2BEA}.Debug|iPhone.Build.0 = Debug|Any CPU
		{4779A119-513E-4423-9A16-255FDCBA2BEA}.Debug|iPhone.Deploy.0 = Debug|Any CPU
		{4779A119-513E-4423-9A16-255FDCBA2BEA}.Debug|iPhoneSimulator.ActiveCfg = Debug|Any CPU
		{4779A119-513E-4423-9A16-255FDCBA2BEA}.Debug|iPhoneSimulator.Build.0 = Debug|Any CPU
		{4779A119-513E-4423-9A16-255FDCBA2BEA}.Debug|iPhoneSimulator.Deploy.0 = Debug|Any CPU
		{4779A119-513E-4423-9A16-255FDCBA2BEA}.Debug|x64.ActiveCfg = Debug|Any CPU
		{4779A119-513E-4423-9A16-255FDCBA2BEA}.Debug|x64.Build.0 = Debug|Any CPU
		{4779A119-513E-4423-9A16-255FDCBA2BEA}.Debug|x64.Deploy.0 = Debug|Any CPU
		{4779A119-513E-4423-9A16-255FDCBA2BEA}.Debug|x86.ActiveCfg = Debug|Any CPU
		{4779A119-513E-4423-9A16-255FDCBA2BEA}.Debug|x86.Build.0 = Debug|Any CPU
		{4779A119-513E-4423-9A16-255FDCBA2BEA}.Debug|x86.Deploy.0 = Debug|Any CPU
		{4779A119-513E-4423-9A16-255FDCBA2BEA}.Release|Any CPU.ActiveCfg = Release|Any CPU
		{4779A119-513E-4423-9A16-255FDCBA2BEA}.Release|Any CPU.Build.0 = Release|Any CPU
		{4779A119-513E-4423-9A16-255FDCBA2BEA}.Release|Any CPU.Deploy.0 = Release|Any CPU
		{4779A119-513E-4423-9A16-255FDCBA2BEA}.Release|ARM.ActiveCfg = Release|Any CPU
		{4779A119-513E-4423-9A16-255FDCBA2BEA}.Release|ARM.Build.0 = Release|Any CPU
		{4779A119-513E-4423-9A16-255FDCBA2BEA}.Release|ARM.Deploy.0 = Release|Any CPU
		{4779A119-513E-4423-9A16-255FDCBA2BEA}.Release|ARM64.ActiveCfg = Release|Any CPU
		{4779A119-513E-4423-9A16-255FDCBA2BEA}.Release|ARM64.Build.0 = Release|Any CPU
		{4779A119-513E-4423-9A16-255FDCBA2BEA}.Release|ARM64.Deploy.0 = Release|Any CPU
		{4779A119-513E-4423-9A16-255FDCBA2BEA}.Release|iPhone.ActiveCfg = Release|Any CPU
		{4779A119-513E-4423-9A16-255FDCBA2BEA}.Release|iPhone.Build.0 = Release|Any CPU
		{4779A119-513E-4423-9A16-255FDCBA2BEA}.Release|iPhone.Deploy.0 = Release|Any CPU
		{4779A119-513E-4423-9A16-255FDCBA2BEA}.Release|iPhoneSimulator.ActiveCfg = Release|Any CPU
		{4779A119-513E-4423-9A16-255FDCBA2BEA}.Release|iPhoneSimulator.Build.0 = Release|Any CPU
		{4779A119-513E-4423-9A16-255FDCBA2BEA}.Release|iPhoneSimulator.Deploy.0 = Release|Any CPU
		{4779A119-513E-4423-9A16-255FDCBA2BEA}.Release|x64.ActiveCfg = Release|Any CPU
		{4779A119-513E-4423-9A16-255FDCBA2BEA}.Release|x64.Build.0 = Release|Any CPU
		{4779A119-513E-4423-9A16-255FDCBA2BEA}.Release|x64.Deploy.0 = Release|Any CPU
		{4779A119-513E-4423-9A16-255FDCBA2BEA}.Release|x86.ActiveCfg = Release|Any CPU
		{4779A119-513E-4423-9A16-255FDCBA2BEA}.Release|x86.Build.0 = Release|Any CPU
		{4779A119-513E-4423-9A16-255FDCBA2BEA}.Release|x86.Deploy.0 = Release|Any CPU
		{68E5909C-8389-4910-8407-30358FC794FE}.Debug|Any CPU.ActiveCfg = Debug|iPhone
		{68E5909C-8389-4910-8407-30358FC794FE}.Debug|ARM.ActiveCfg = Debug|iPhoneSimulator
		{68E5909C-8389-4910-8407-30358FC794FE}.Debug|ARM64.ActiveCfg = Debug|iPhoneSimulator
		{68E5909C-8389-4910-8407-30358FC794FE}.Debug|iPhone.ActiveCfg = Debug|iPhone
		{68E5909C-8389-4910-8407-30358FC794FE}.Debug|iPhone.Build.0 = Debug|iPhone
		{68E5909C-8389-4910-8407-30358FC794FE}.Debug|iPhoneSimulator.ActiveCfg = Debug|iPhoneSimulator
		{68E5909C-8389-4910-8407-30358FC794FE}.Debug|iPhoneSimulator.Build.0 = Debug|iPhoneSimulator
		{68E5909C-8389-4910-8407-30358FC794FE}.Debug|x64.ActiveCfg = Debug|iPhoneSimulator
		{68E5909C-8389-4910-8407-30358FC794FE}.Debug|x86.ActiveCfg = Debug|iPhoneSimulator
		{68E5909C-8389-4910-8407-30358FC794FE}.Release|Any CPU.ActiveCfg = Release|iPhone
		{68E5909C-8389-4910-8407-30358FC794FE}.Release|ARM.ActiveCfg = Release|iPhoneSimulator
		{68E5909C-8389-4910-8407-30358FC794FE}.Release|ARM64.ActiveCfg = Release|iPhoneSimulator
		{68E5909C-8389-4910-8407-30358FC794FE}.Release|iPhone.ActiveCfg = Release|iPhone
		{68E5909C-8389-4910-8407-30358FC794FE}.Release|iPhone.Build.0 = Release|iPhone
		{68E5909C-8389-4910-8407-30358FC794FE}.Release|iPhoneSimulator.ActiveCfg = Release|iPhoneSimulator
		{68E5909C-8389-4910-8407-30358FC794FE}.Release|iPhoneSimulator.Build.0 = Release|iPhoneSimulator
		{68E5909C-8389-4910-8407-30358FC794FE}.Release|x64.ActiveCfg = Release|iPhoneSimulator
		{68E5909C-8389-4910-8407-30358FC794FE}.Release|x86.ActiveCfg = Release|iPhoneSimulator
		{E8ECD295-296B-495D-8864-681BE9ED90E2}.Debug|Any CPU.ActiveCfg = Debug|x86
		{E8ECD295-296B-495D-8864-681BE9ED90E2}.Debug|ARM.ActiveCfg = Debug|ARM
		{E8ECD295-296B-495D-8864-681BE9ED90E2}.Debug|ARM.Build.0 = Debug|ARM
		{E8ECD295-296B-495D-8864-681BE9ED90E2}.Debug|ARM.Deploy.0 = Debug|ARM
		{E8ECD295-296B-495D-8864-681BE9ED90E2}.Debug|ARM64.ActiveCfg = Debug|ARM64
		{E8ECD295-296B-495D-8864-681BE9ED90E2}.Debug|ARM64.Build.0 = Debug|ARM64
		{E8ECD295-296B-495D-8864-681BE9ED90E2}.Debug|ARM64.Deploy.0 = Debug|ARM64
		{E8ECD295-296B-495D-8864-681BE9ED90E2}.Debug|iPhone.ActiveCfg = Debug|x86
		{E8ECD295-296B-495D-8864-681BE9ED90E2}.Debug|iPhoneSimulator.ActiveCfg = Debug|x86
		{E8ECD295-296B-495D-8864-681BE9ED90E2}.Debug|x64.ActiveCfg = Debug|x64
		{E8ECD295-296B-495D-8864-681BE9ED90E2}.Debug|x64.Build.0 = Debug|x64
		{E8ECD295-296B-495D-8864-681BE9ED90E2}.Debug|x64.Deploy.0 = Debug|x64
		{E8ECD295-296B-495D-8864-681BE9ED90E2}.Debug|x86.ActiveCfg = Debug|x86
		{E8ECD295-296B-495D-8864-681BE9ED90E2}.Debug|x86.Build.0 = Debug|x86
		{E8ECD295-296B-495D-8864-681BE9ED90E2}.Debug|x86.Deploy.0 = Debug|x86
		{E8ECD295-296B-495D-8864-681BE9ED90E2}.Release|Any CPU.ActiveCfg = Release|x86
		{E8ECD295-296B-495D-8864-681BE9ED90E2}.Release|ARM.ActiveCfg = Release|ARM
		{E8ECD295-296B-495D-8864-681BE9ED90E2}.Release|ARM.Build.0 = Release|ARM
		{E8ECD295-296B-495D-8864-681BE9ED90E2}.Release|ARM.Deploy.0 = Release|ARM
		{E8ECD295-296B-495D-8864-681BE9ED90E2}.Release|ARM64.ActiveCfg = Release|ARM64
		{E8ECD295-296B-495D-8864-681BE9ED90E2}.Release|ARM64.Build.0 = Release|ARM64
		{E8ECD295-296B-495D-8864-681BE9ED90E2}.Release|ARM64.Deploy.0 = Release|ARM64
		{E8ECD295-296B-495D-8864-681BE9ED90E2}.Release|iPhone.ActiveCfg = Release|x86
		{E8ECD295-296B-495D-8864-681BE9ED90E2}.Release|iPhoneSimulator.ActiveCfg = Release|x86
		{E8ECD295-296B-495D-8864-681BE9ED90E2}.Release|x64.ActiveCfg = Release|x64
		{E8ECD295-296B-495D-8864-681BE9ED90E2}.Release|x64.Build.0 = Release|x64
		{E8ECD295-296B-495D-8864-681BE9ED90E2}.Release|x64.Deploy.0 = Release|x64
		{E8ECD295-296B-495D-8864-681BE9ED90E2}.Release|x86.ActiveCfg = Release|x86
		{E8ECD295-296B-495D-8864-681BE9ED90E2}.Release|x86.Build.0 = Release|x86
		{E8ECD295-296B-495D-8864-681BE9ED90E2}.Release|x86.Deploy.0 = Release|x86
	EndGlobalSection
	GlobalSection(SolutionProperties) = preSolution
		HideSolutionNode = FALSE
	EndGlobalSection
	GlobalSection(ExtensibilityGlobals) = postSolution
		SolutionGuid = {FD6F282D-68CE-42D4-8673-1B062A6AE05F}
	EndGlobalSection
EndGlobal
